
Microsoft Visual Studio Solution File, Format Version 12.00
# Visual Studio Version 17
VisualStudioVersion = 17.1.32421.90
MinimumVisualStudioVersion = 10.0.40219.1
Project("{FAE04EC0-301F-11D3-BF4B-00C04F79EFBC}") = "Maturita_AJAX-REST", "Maturita_AJAX-REST\Maturita_AJAX-REST.csproj", "{B2BEF6A2-82FF-48F5-A795-00FE22740F03}"
EndProject
Global
	GlobalSection(SolutionConfigurationPlatforms) = preSolution
		Debug|Any CPU = Debug|Any CPU
		Release|Any CPU = Release|Any CPU
	EndGlobalSection
	GlobalSection(ProjectConfigurationPlatforms) = postSolution
		{B2BEF6A2-82FF-48F5-A795-00FE22740F03}.Debug|Any CPU.ActiveCfg = Debug|Any CPU
		{B2BEF6A2-82FF-48F5-A795-00FE22740F03}.Debug|Any CPU.Build.0 = Debug|Any CPU
		{B2BEF6A2-82FF-48F5-A795-00FE22740F03}.Release|Any CPU.ActiveCfg = Release|Any CPU
		{B2BEF6A2-82FF-48F5-A795-00FE22740F03}.Release|Any CPU.Build.0 = Release|Any CPU
	EndGlobalSection
	GlobalSection(SolutionProperties) = preSolution
		HideSolutionNode = FALSE
	EndGlobalSection
	GlobalSection(ExtensibilityGlobals) = postSolution
		SolutionGuid = {C1693ABB-5B3A-4C14-A9F6-A84DE956E6B2}
	EndGlobalSection
EndGlobal
